Microsoft Visual Studio Solution File, Format Version 11.00
# Visual Studio 2008

Project("{3B38B6CE-EAF0-D2E1-C4C5-BA011230AABF}") = "Ikaros yugioh 3.0", "Assembly-CSharp.csproj", "{9B8F433D-DC33-1B22-99BD-0DE4346CE3C0}"
EndProject
Project("{3B38B6CE-EAF0-D2E1-C4C5-BA011230AABF}") = "Ikaros yugioh 3.0", "Assembly-CSharp-Editor.csproj", "{B2F5F157-C457-745E-FC9C-5F13DC48FB00}"
EndProject
Project("{3B38B6CE-EAF0-D2E1-C4C5-BA011230AABF}") = "Ikaros yugioh 3.0", "Assembly-UnityScript-Editor-firstpass.unityproj", "{6AFA4F51-C048-8FC9-D3E8-45854E4F3875}"
EndProject
Global
	GlobalSection(SolutionConfigurationPlatforms) = preSolution
		Debug|Any CPU = Debug|Any CPU
		Release|Any CPU = Release|Any CPU
	EndGlobalSection
	GlobalSection(ProjectConfigurationPlatforms) = postSolution
		{9B8F433D-DC33-1B22-99BD-0DE4346CE3C0}.Debug|Any CPU.ActiveCfg = Debug|Any CPU
		{9B8F433D-DC33-1B22-99BD-0DE4346CE3C0}.Debug|Any CPU.Build.0 = Debug|Any CPU
		{9B8F433D-DC33-1B22-99BD-0DE4346CE3C0}.Release|Any CPU.ActiveCfg = Release|Any CPU
		{9B8F433D-DC33-1B22-99BD-0DE4346CE3C0}.Release|Any CPU.Build.0 = Release|Any CPU
		{B2F5F157-C457-745E-FC9C-5F13DC48FB00}.Debug|Any CPU.ActiveCfg = Debug|Any CPU
		{B2F5F157-C457-745E-FC9C-5F13DC48FB00}.Debug|Any CPU.Build.0 = Debug|Any CPU
		{B2F5F157-C457-745E-FC9C-5F13DC48FB00}.Release|Any CPU.ActiveCfg = Release|Any CPU
		{B2F5F157-C457-745E-FC9C-5F13DC48FB00}.Release|Any CPU.Build.0 = Release|Any CPU
		{6AFA4F51-C048-8FC9-D3E8-45854E4F3875}.Debug|Any CPU.ActiveCfg = Debug|Any CPU
		{6AFA4F51-C048-8FC9-D3E8-45854E4F3875}.Debug|Any CPU.Build.0 = Debug|Any CPU
		{6AFA4F51-C048-8FC9-D3E8-45854E4F3875}.Release|Any CPU.ActiveCfg = Release|Any CPU
		{6AFA4F51-C048-8FC9-D3E8-45854E4F3875}.Release|Any CPU.Build.0 = Release|Any CPU
	EndGlobalSection
	GlobalSection(SolutionProperties) = preSolution
		HideSolutionNode = FALSE
	EndGlobalSection
					GlobalSection(MonoDevelopProperties) = preSolution
		StartupItem = Assembly-CSharp.csproj
		Policies = $0
		$0.TextStylePolicy = $1
		$1.inheritsSet = null
		$1.scope = text/x-csharp
		$0.CSharpFormattingPolicy = $2
		$2.inheritsSet = Mono
		$2.inheritsScope = text/x-csharp
		$2.scope = text/x-csharp
		$0.TextStylePolicy = $3
		$3.FileWidth = 120
		$3.TabWidth = 4
		$3.EolMarker = Unix
		$3.inheritsSet = Mono
		$3.inheritsScope = text/plain
		$3.scope = text/plain
	EndGlobalSection

EndGlobal
