Microsoft Visual Studio Solution File, Format Version 11.00
# Visual Studio 2008

Project("{060C69B5-9934-3BBC-F536-43ADEF4EBDE3}") = "Ikaros 2.0", "Assembly-CSharp.csproj", "{2E72F3CB-5A07-AC54-DE9C-4E76788BA23A}"
EndProject
Project("{060C69B5-9934-3BBC-F536-43ADEF4EBDE3}") = "Ikaros 2.0", "Assembly-CSharp-Editor.csproj", "{A2F3C47D-4D51-9304-1A92-E54D6A35EA86}"
EndProject
Project("{060C69B5-9934-3BBC-F536-43ADEF4EBDE3}") = "Ikaros 2.0", "Assembly-UnityScript-Editor-firstpass.unityproj", "{DF6EB553-1E0B-4F73-674B-8A6D3FA7324A}"
EndProject
Global
	GlobalSection(SolutionConfigurationPlatforms) = preSolution
		Debug|Any CPU = Debug|Any CPU
		Release|Any CPU = Release|Any CPU
	EndGlobalSection
	GlobalSection(ProjectConfigurationPlatforms) = postSolution
		{2E72F3CB-5A07-AC54-DE9C-4E76788BA23A}.Debug|Any CPU.ActiveCfg = Debug|Any CPU
		{2E72F3CB-5A07-AC54-DE9C-4E76788BA23A}.Debug|Any CPU.Build.0 = Debug|Any CPU
		{2E72F3CB-5A07-AC54-DE9C-4E76788BA23A}.Release|Any CPU.ActiveCfg = Release|Any CPU
		{2E72F3CB-5A07-AC54-DE9C-4E76788BA23A}.Release|Any CPU.Build.0 = Release|Any CPU
		{A2F3C47D-4D51-9304-1A92-E54D6A35EA86}.Debug|Any CPU.ActiveCfg = Debug|Any CPU
		{A2F3C47D-4D51-9304-1A92-E54D6A35EA86}.Debug|Any CPU.Build.0 = Debug|Any CPU
		{A2F3C47D-4D51-9304-1A92-E54D6A35EA86}.Release|Any CPU.ActiveCfg = Release|Any CPU
		{A2F3C47D-4D51-9304-1A92-E54D6A35EA86}.Release|Any CPU.Build.0 = Release|Any CPU
		{DF6EB553-1E0B-4F73-674B-8A6D3FA7324A}.Debug|Any CPU.ActiveCfg = Debug|Any CPU
		{DF6EB553-1E0B-4F73-674B-8A6D3FA7324A}.Debug|Any CPU.Build.0 = Debug|Any CPU
		{DF6EB553-1E0B-4F73-674B-8A6D3FA7324A}.Release|Any CPU.ActiveCfg = Release|Any CPU
		{DF6EB553-1E0B-4F73-674B-8A6D3FA7324A}.Release|Any CPU.Build.0 = Release|Any CPU
	EndGlobalSection
	GlobalSection(SolutionProperties) = preSolution
		HideSolutionNode = FALSE
	EndGlobalSection
							GlobalSection(MonoDevelopProperties) = preSolution
		StartupItem = Assembly-CSharp.csproj
		Policies = $0
		$0.TextStylePolicy = $1
		$1.inheritsSet = null
		$1.scope = text/x-csharp
		$0.CSharpFormattingPolicy = $2
		$2.inheritsSet = Mono
		$2.inheritsScope = text/x-csharp
		$2.scope = text/x-csharp
		$0.TextStylePolicy = $3
		$3.FileWidth = 120
		$3.TabWidth = 4
		$3.EolMarker = Unix
		$3.inheritsSet = Mono
		$3.inheritsScope = text/plain
		$3.scope = text/plain
	EndGlobalSection

EndGlobal
