Microsoft Visual Studio Solution File, Format Version 11.00
# Visual Studio 2008

Project("{A875240A-6158-5D4D-4704-3D494B080523}") = "Ikaros diptico", "Assembly-CSharp-firstpass-vs.csproj", "{5C760F62-8240-154C-F43A-262F5E1CECC8}"
EndProject
Project("{A875240A-6158-5D4D-4704-3D494B080523}") = "Ikaros diptico", "Assembly-CSharp-vs.csproj", "{916EDB5F-8F5D-D39C-84CB-88E5B0FD68B0}"
EndProject
Project("{A875240A-6158-5D4D-4704-3D494B080523}") = "Ikaros diptico", "Assembly-CSharp-Editor-vs.csproj", "{A4AB883A-F86A-1126-540D-5072AF1A6888}"
EndProject
Global
	GlobalSection(SolutionConfigurationPlatforms) = preSolution
		Debug|Any CPU = Debug|Any CPU
		Release|Any CPU = Release|Any CPU
	EndGlobalSection
	GlobalSection(ProjectConfigurationPlatforms) = postSolution
		{5C760F62-8240-154C-F43A-262F5E1CECC8}.Debug|Any CPU.ActiveCfg = Debug|Any CPU
		{5C760F62-8240-154C-F43A-262F5E1CECC8}.Debug|Any CPU.Build.0 = Debug|Any CPU
		{5C760F62-8240-154C-F43A-262F5E1CECC8}.Release|Any CPU.ActiveCfg = Release|Any CPU
		{5C760F62-8240-154C-F43A-262F5E1CECC8}.Release|Any CPU.Build.0 = Release|Any CPU
		{916EDB5F-8F5D-D39C-84CB-88E5B0FD68B0}.Debug|Any CPU.ActiveCfg = Debug|Any CPU
		{916EDB5F-8F5D-D39C-84CB-88E5B0FD68B0}.Debug|Any CPU.Build.0 = Debug|Any CPU
		{916EDB5F-8F5D-D39C-84CB-88E5B0FD68B0}.Release|Any CPU.ActiveCfg = Release|Any CPU
		{916EDB5F-8F5D-D39C-84CB-88E5B0FD68B0}.Release|Any CPU.Build.0 = Release|Any CPU
		{A4AB883A-F86A-1126-540D-5072AF1A6888}.Debug|Any CPU.ActiveCfg = Debug|Any CPU
		{A4AB883A-F86A-1126-540D-5072AF1A6888}.Debug|Any CPU.Build.0 = Debug|Any CPU
		{A4AB883A-F86A-1126-540D-5072AF1A6888}.Release|Any CPU.ActiveCfg = Release|Any CPU
		{A4AB883A-F86A-1126-540D-5072AF1A6888}.Release|Any CPU.Build.0 = Release|Any CPU
	EndGlobalSection
	GlobalSection(SolutionProperties) = preSolution
		HideSolutionNode = FALSE
	EndGlobalSection
									GlobalSection(MonoDevelopProperties) = preSolution
		StartupItem = Assembly-CSharp.csproj
		Policies = $0
		$0.TextStylePolicy = $1
		$1.inheritsSet = null
		$1.scope = text/x-csharp
		$0.CSharpFormattingPolicy = $2
		$2.inheritsSet = Mono
		$2.inheritsScope = text/x-csharp
		$2.scope = text/x-csharp
		$0.TextStylePolicy = $3
		$3.FileWidth = 120
		$3.TabWidth = 4
		$3.EolMarker = Unix
		$3.inheritsSet = Mono
		$3.inheritsScope = text/plain
		$3.scope = text/plain
	EndGlobalSection

EndGlobal
